
Microsoft Visual Studio Solution File, Format Version 12.00
# Visual Studio 15
VisualStudioVersion = 15.0.27428.2037
MinimumVisualStudioVersion = 10.0.40219.1
Project("{FAE04EC0-301F-11D3-BF4B-00C04F79EFBC}") = "ToDoList_MVC5_Vue.Web", "ToDoList_MVC5_Vue.Web\ToDoList_MVC5_Vue.Web.csproj", "{8AEB2058-B490-4D84-8CBD-4A28F2D4D44E}"
EndProject
Project("{FAE04EC0-301F-11D3-BF4B-00C04F79EFBC}") = "ToDoList_MVC5_Vue.Service", "ToDoList_MVC5_Vue.Service\ToDoList_MVC5_Vue.Service.csproj", "{1477F11E-AA47-4F43-BDF5-F0A75E701F19}"
EndProject
Global
	GlobalSection(SolutionConfigurationPlatforms) = preSolution
		Debug|Any CPU = Debug|Any CPU
		Release|Any CPU = Release|Any CPU
	EndGlobalSection
	GlobalSection(ProjectConfigurationPlatforms) = postSolution
		{8AEB2058-B490-4D84-8CBD-4A28F2D4D44E}.Debug|Any CPU.ActiveCfg = Debug|Any CPU
		{8AEB2058-B490-4D84-8CBD-4A28F2D4D44E}.Debug|Any CPU.Build.0 = Debug|Any CPU
		{8AEB2058-B490-4D84-8CBD-4A28F2D4D44E}.Release|Any CPU.ActiveCfg = Release|Any CPU
		{8AEB2058-B490-4D84-8CBD-4A28F2D4D44E}.Release|Any CPU.Build.0 = Release|Any CPU
		{1477F11E-AA47-4F43-BDF5-F0A75E701F19}.Debug|Any CPU.ActiveCfg = Debug|Any CPU
		{1477F11E-AA47-4F43-BDF5-F0A75E701F19}.Debug|Any CPU.Build.0 = Debug|Any CPU
		{1477F11E-AA47-4F43-BDF5-F0A75E701F19}.Release|Any CPU.ActiveCfg = Release|Any CPU
		{1477F11E-AA47-4F43-BDF5-F0A75E701F19}.Release|Any CPU.Build.0 = Release|Any CPU
	EndGlobalSection
	GlobalSection(SolutionProperties) = preSolution
		HideSolutionNode = FALSE
	EndGlobalSection
	GlobalSection(ExtensibilityGlobals) = postSolution
		SolutionGuid = {DC7F9F89-73BB-45EF-8FDC-054C6791A45C}
	EndGlobalSection
EndGlobal
